{
  "lockfileVersion": 1,
  "workspaces": {
    "": {
      "name": "sof-benchmark",
      "dependencies": {
        "ajv": "^8.12.0",
        "ajv-cli": "^5.0.0",
      },
    },
  },
  "packages": {
    "ajv": ["ajv@8.20.0", "", { "dependencies": { "fast-deep-equal": "^3.1.3", "fast-uri": "^3.0.1", "json-schema-traverse": "^1.0.0", "require-from-string": "^2.0.2" } }, "sha512-Thbli+OlOj+iMPYFBVBfJ3OmCAnaSyNn4M1vz9T6Gka5Jt9ba/HIR56joy65tY6kx/FCF5VXNB819Y7/GUrBGA=="],

    "ajv-cli": ["ajv-cli@5.0.0", "", { "dependencies": { "ajv": "^8.0.0", "fast-json-patch": "^2.0.0", "glob": "^7.1.0", "js-yaml": "^3.14.0", "json-schema-migrate": "^2.0.0", "json5": "^2.1.3", "minimist": "^1.2.0" }, "peerDependencies": { "ts-node": ">=9.0.0" }, "optionalPeers": ["ts-node"], "bin": { "ajv": "dist/index.js" } }, "sha512-LY4m6dUv44HTyhV+u2z5uX4EhPYTM38Iv1jdgDJJJCyOOuqB8KtZEGjPZ2T+sh5ZIJrXUfgErYx/j3gLd3+PlQ=="],

    "argparse": ["argparse@1.0.10", "", { "dependencies": { "sprintf-js": "~1.0.2" } }, "sha512-o5Roy6tNG4SL/FOkCAN6RzjiakZS25RLYFrcMttJqbdd8BWrnA+fGz57iN5Pb06pvBGvl5gQ0B48dJlslXvoTg=="],

    "balanced-match": ["balanced-match@1.0.2", "", {}, "sha512-3oSeUO0TMV67hN1AmbXsK4yaqU7tjiHlbxRDZOpH0KW9+CeX4bRAaX0Anxt0tx2MrpRpWwQaPwIlISEJhYU5Pw=="],

    "brace-expansion": ["brace-expansion@1.1.15", "", { "dependencies": { "balanced-match": "^1.0.0", "concat-map": "0.0.1" } }, "sha512-EwOCDEex4quD37XhqM3omwtMoJjr//isUZz1JopUNWms+4Z2ViyM/k1YIRePpoVNnQhENnxtFjLaxNHrT7xIUg=="],

    "concat-map": ["concat-map@0.0.1", "", {}, "sha512-/Srv4dswyQNBfohGpz9o6Yb3Gz3SrUDqBH5rTuhGR7ahtlbYKnVxw2bCFMRljaA7EXHaXZ8wsHdodFvbkhKmqg=="],

    "esprima": ["esprima@4.0.1", "", { "bin": { "esparse": "./bin/esparse.js", "esvalidate": "./bin/esvalidate.js" } }, "sha512-eGuFFw7Upda+g4p+QHvnW0RyTX/SVeJBDM/gCtMARO0cLuT2HcEKnTPvhjV6aGeqrCB/sbNop0Kszm0jsaWU4A=="],

    "fast-deep-equal": ["fast-deep-equal@3.1.3", "", {}, "sha512-f3qQ9oQy9j2AhBe/H9VC91wLmKBCCU/gDOnKNAYG5hswO7BLKj09Hc5HYNz9cGI++xlpDCIgDaitVs03ATR84Q=="],

    "fast-json-patch": ["fast-json-patch@2.2.1", "", { "dependencies": { "fast-deep-equal": "^2.0.1" } }, "sha512-4j5uBaTnsYAV5ebkidvxiLUYOwjQ+JSFljeqfTxCrH9bDmlCQaOJFS84oDJ2rAXZq2yskmk3ORfoP9DCwqFNig=="],

    "fast-uri": ["fast-uri@3.1.2", "", {}, "sha512-rVjf7ArG3LTk+FS6Yw81V1DLuZl1bRbNrev6Tmd/9RaroeeRRJhAt7jg/6YFxbvAQXUCavSoZhPPj6oOx+5KjQ=="],

    "fs.realpath": ["fs.realpath@1.0.0", "", {}, "sha512-OO0pH2lK6a0hZnAdau5ItzHPI6pUlvI7jMVnxUQRtw4owF2wk8lOSabtGDCTP4Ggrg2MbGnWO9X8K1t4+fGMDw=="],

    "glob": ["glob@7.2.3", "", { "dependencies": { "fs.realpath": "^1.0.0", "inflight": "^1.0.4", "inherits": "2", "minimatch": "^3.1.1", "once": "^1.3.0", "path-is-absolute": "^1.0.0" } }, "sha512-nFR0zLpU2YCaRxwoCJvL6UvCH2JFyFVIvwTLsIf21AuHlMskA1hhTdk+LlYJtOlYt9v6dvszD2BGRqBL+iQK9Q=="],

    "inflight": ["inflight@1.0.6", "", { "dependencies": { "once": "^1.3.0", "wrappy": "1" } }, "sha512-k92I/b08q4wvFscXCLvqfsHCrjrF7yiXsQuIVvVE7N82W3+aqpzuUdBbfhWcy/FZR3/4IgflMgKLOsvPDrGCJA=="],

    "inherits": ["inherits@2.0.4", "", {}, "sha512-k/vGaX4/Yla3WzyMCvTQOXYeIHvqOKtnqBduzTHpzpQZzAskKMhZ2K+EnBiSM9zGSoIFeMpXKxa4dYeZIQqewQ=="],

    "js-yaml": ["js-yaml@3.15.0", "", { "dependencies": { "argparse": "^1.0.7", "esprima": "^4.0.0" }, "bin": { "js-yaml": "bin/js-yaml.js" } }, "sha512-ttBQIIQPDeLjpPOohtUdXuXUVoA2uIB6fEH9HyJ7234s5mBJ5wTx20njxplLZQgLaOfpmPQA7X2t5AX6tIPbog=="],

    "json-schema-migrate": ["json-schema-migrate@2.0.0", "", { "dependencies": { "ajv": "^8.0.0" } }, "sha512-r38SVTtojDRp4eD6WsCqiE0eNDt4v1WalBXb9cyZYw9ai5cGtBwzRNWjHzJl38w6TxFkXAIA7h+fyX3tnrAFhQ=="],

    "json-schema-traverse": ["json-schema-traverse@1.0.0", "", {}, "sha512-NM8/P9n3XjXhIZn1lLhkFaACTOURQXjWhV4BA/RnOv8xvgqtqpAX9IO4mRQxSx1Rlo4tqzeqb0sOlruaOy3dug=="],

    "json5": ["json5@2.2.3", "", { "bin": { "json5": "lib/cli.js" } }, "sha512-XmOWe7eyHYH14cLdVPoyg+GOH3rYX++KpzrylJwSW98t3Nk+U8XOl8FWKOgwtzdb8lXGf6zYwDUzeHMWfxasyg=="],

    "minimatch": ["minimatch@3.1.5", "", { "dependencies": { "brace-expansion": "^1.1.7" } }, "sha512-VgjWUsnnT6n+NUk6eZq77zeFdpW2LWDzP6zFGrCbHXiYNul5Dzqk2HHQ5uFH2DNW5Xbp8+jVzaeNt94ssEEl4w=="],

    "minimist": ["minimist@1.2.8", "", {}, "sha512-2yyAR8qBkN3YuheJanUpWC5U3bb5osDywNB8RzDVlDwDHbocAJveqqj1u8+SVD7jkWT4yvsHCpWqqWqAxb0zCA=="],

    "once": ["once@1.4.0", "", { "dependencies": { "wrappy": "1" } }, "sha512-lNaJgI+2Q5URQBkccEKHTQOPaXdUxnZZElQTZY0MFUAuaEqe1E+Nyvgdz/aIyNi6Z9MzO5dv1H8n58/GELp3+w=="],

    "path-is-absolute": ["path-is-absolute@1.0.1", "", {}, "sha512-AVbw3UJ2e9bq64vSaS9Am0fje1Pa8pbGqTTsmXfaIiMpnr5DlDhfJOuLj9Sf95ZPVDAUerDfEk88MPmPe7UCQg=="],

    "require-from-string": ["require-from-string@2.0.2", "", {}, "sha512-Xf0nWe6RseziFMu+Ap9biiUbmplq6S9/p+7w7YXP/JBHhrUDDUhwa+vANyubuqfZWTveU//DYVGsDG7RKL/vEw=="],

    "sprintf-js": ["sprintf-js@1.0.3", "", {}, "sha512-D9cPgkvLlV3t3IzL0D0YLvGA9Ahk4PcvVwUbN0dSGr1aP0Nrt4AEnTUbuGvquEC0mA64Gqt1fzirlRs5ibXx8g=="],

    "wrappy": ["wrappy@1.0.2", "", {}, "sha512-l4Sp/DRseor9wL6EvV2+TuQn63dMkPjZ/sp9XkghTEbV9KlPS1xUsZ3u7/IQO4wxtcFB4bgpQPRcR3QCvezPcQ=="],

    "fast-json-patch/fast-deep-equal": ["fast-deep-equal@2.0.1", "", {}, "sha512-bCK/2Z4zLidyB4ReuIsvALH6w31YfAQDmXMqMx6FyfHqvBxtjC0eRumeSu4Bs3XtXwpyIywtSTrVT99BxY1f9w=="],
  }
}
